
Microsoft Visual Studio Solution File, Format Version 12.00
# Visual Studio 2012
Project("{2150E333-8FDC-42A3-9474-1A3956D46DE8}") = "Tests", "Tests", "{948D0201-CB20-43E9-92BA-D2D2B1A5D533}"
EndProject
Project("{2150E333-8FDC-42A3-9474-1A3956D46DE8}") = "Data", "Data", "{D9A3BC62-268F-46B4-99C7-4827DB578F2D}"
EndProject
Project("{2150E333-8FDC-42A3-9474-1A3956D46DE8}") = "Common", "Common", "{0F2A06B1-DBC4-4173-A76E-16A34CBC5DDA}"
EndProject
Project("{2150E333-8FDC-42A3-9474-1A3956D46DE8}") = "Application", "Application", "{C184153B-0BA5-4C9F-AC5D-2C4688E8DAE0}"
EndProject
Project("{FAE04EC0-301F-11D3-BF4B-00C04F79EFBC}") = "KaJo.WebAPI.Data.SqlServer", "KaJo.WebAPI.Data.SqlServer\KaJo.WebAPI.Data.SqlServer.csproj", "{FE1909E4-A1EA-47CB-B4F1-A7449AF028F5}"
EndProject
Project("{FAE04EC0-301F-11D3-BF4B-00C04F79EFBC}") = "KaJo.WebAPI.Data.Model", "KaJo.WebAPI.Data\KaJo.WebAPI.Data.Model.csproj", "{3B7A3787-3899-456A-8728-D53A70EDDDE4}"
EndProject
Project("{FAE04EC0-301F-11D3-BF4B-00C04F79EFBC}") = "KaJo.WebAPI.Common", "KaJo.WebAPI.Common\KaJo.WebAPI.Common.csproj", "{702BB5A0-DB5E-4E07-B828-875F8139424B}"
EndProject
Project("{FAE04EC0-301F-11D3-BF4B-00C04F79EFBC}") = "KaJo.WebAPI.Application", "KaJo.WebAPI.Application\KaJo.WebAPI.Application.csproj", "{9E018A22-4CF1-45BA-8AF4-6D5B97927BCB}"
EndProject
Project("{FAE04EC0-301F-11D3-BF4B-00C04F79EFBC}") = "KaJo.WebAPI.Application.Interfaces", "KaJo.WebAPI.Application.Interfaces\KaJo.WebAPI.Application.Interfaces.csproj", "{12EE0784-0056-4E4F-89FB-FDD75A9BB5A7}"
EndProject
Project("{FAE04EC0-301F-11D3-BF4B-00C04F79EFBC}") = "KaJo.WebAPI.Data", "KaJo.WebAPI.Common.Data\KaJo.WebAPI.Data.csproj", "{241F7739-B779-43EC-B555-0DF19119324D}"
EndProject
Project("{FAE04EC0-301F-11D3-BF4B-00C04F79EFBC}") = "KaJo.WebAPI.Data.Contracts", "KaJo.WebAPI.Data.Interfaces\KaJo.WebAPI.Data.Contracts.csproj", "{7832CFA7-8E33-478D-8DAD-A0604C5BA7E6}"
EndProject
Project("{FAE04EC0-301F-11D3-BF4B-00C04F79EFBC}") = "KaJo.WebAPI.Common.Interfaces", "KaJo.WebAPI.Common.Interfaces\KaJo.WebAPI.Common.Interfaces.csproj", "{F0B90771-FE8C-4944-80B7-ABE53C15EDB7}"
EndProject
Project("{2150E333-8FDC-42A3-9474-1A3956D46DE8}") = "Tools", "Tools", "{9EFDC20D-A51C-4142-80F5-631027E7DAE0}"
EndProject
Project("{FAE04EC0-301F-11D3-BF4B-00C04F79EFBC}") = "KaJo.WebAPI.Tools.Initialize", "KaJo.WebAPI.Tools.Initialize\KaJo.WebAPI.Tools.Initialize.csproj", "{11787269-07E7-4127-A786-3F439BE27EC2}"
EndProject
Project("{2150E333-8FDC-42A3-9474-1A3956D46DE8}") = "Web", "Web", "{365D08F5-E550-44E1-9AE1-119196F97B5F}"
EndProject
Project("{FAE04EC0-301F-11D3-BF4B-00C04F79EFBC}") = "KaJo.WebAPI.RestServices", "KaJo.WebAPI.RestServices\KaJo.WebAPI.RestServices.csproj", "{EE148BD5-0AC8-4A73-9346-4FD59023E638}"
EndProject
Project("{FAE04EC0-301F-11D3-BF4B-00C04F79EFBC}") = "KaJo.WebAPI.RestServices.Tests", "KaJo.WebAPI.RestServices.Tests\KaJo.WebAPI.RestServices.Tests.csproj", "{8B73C91D-2F2D-4B6C-8FDF-652AAD340651}"
EndProject
Project("{2150E333-8FDC-42A3-9474-1A3956D46DE8}") = "DI", "DI", "{DB075941-6CE5-49FA-AE32-98F0051E4D42}"
EndProject
Project("{FAE04EC0-301F-11D3-BF4B-00C04F79EFBC}") = "KaJo.WebAPI.DependencyInjection", "KaJo.WebAPI.DependencyInjection\KaJo.WebAPI.DependencyInjection.csproj", "{2AFA3E7F-1A0E-49D5-BACF-95F0E37EF222}"
EndProject
Global
	GlobalSection(SolutionConfigurationPlatforms) = preSolution
		Debug|Any CPU = Debug|Any CPU
		Release|Any CPU = Release|Any CPU
	EndGlobalSection
	GlobalSection(ProjectConfigurationPlatforms) = postSolution
		{FE1909E4-A1EA-47CB-B4F1-A7449AF028F5}.Debug|Any CPU.ActiveCfg = Debug|Any CPU
		{FE1909E4-A1EA-47CB-B4F1-A7449AF028F5}.Debug|Any CPU.Build.0 = Debug|Any CPU
		{FE1909E4-A1EA-47CB-B4F1-A7449AF028F5}.Release|Any CPU.ActiveCfg = Release|Any CPU
		{FE1909E4-A1EA-47CB-B4F1-A7449AF028F5}.Release|Any CPU.Build.0 = Release|Any CPU
		{3B7A3787-3899-456A-8728-D53A70EDDDE4}.Debug|Any CPU.ActiveCfg = Debug|Any CPU
		{3B7A3787-3899-456A-8728-D53A70EDDDE4}.Debug|Any CPU.Build.0 = Debug|Any CPU
		{3B7A3787-3899-456A-8728-D53A70EDDDE4}.Release|Any CPU.ActiveCfg = Release|Any CPU
		{3B7A3787-3899-456A-8728-D53A70EDDDE4}.Release|Any CPU.Build.0 = Release|Any CPU
		{702BB5A0-DB5E-4E07-B828-875F8139424B}.Debug|Any CPU.ActiveCfg = Debug|Any CPU
		{702BB5A0-DB5E-4E07-B828-875F8139424B}.Debug|Any CPU.Build.0 = Debug|Any CPU
		{702BB5A0-DB5E-4E07-B828-875F8139424B}.Release|Any CPU.ActiveCfg = Release|Any CPU
		{702BB5A0-DB5E-4E07-B828-875F8139424B}.Release|Any CPU.Build.0 = Release|Any CPU
		{9E018A22-4CF1-45BA-8AF4-6D5B97927BCB}.Debug|Any CPU.ActiveCfg = Debug|Any CPU
		{9E018A22-4CF1-45BA-8AF4-6D5B97927BCB}.Debug|Any CPU.Build.0 = Debug|Any CPU
		{9E018A22-4CF1-45BA-8AF4-6D5B97927BCB}.Release|Any CPU.ActiveCfg = Release|Any CPU
		{9E018A22-4CF1-45BA-8AF4-6D5B97927BCB}.Release|Any CPU.Build.0 = Release|Any CPU
		{12EE0784-0056-4E4F-89FB-FDD75A9BB5A7}.Debug|Any CPU.ActiveCfg = Debug|Any CPU
		{12EE0784-0056-4E4F-89FB-FDD75A9BB5A7}.Debug|Any CPU.Build.0 = Debug|Any CPU
		{12EE0784-0056-4E4F-89FB-FDD75A9BB5A7}.Release|Any CPU.ActiveCfg = Release|Any CPU
		{12EE0784-0056-4E4F-89FB-FDD75A9BB5A7}.Release|Any CPU.Build.0 = Release|Any CPU
		{241F7739-B779-43EC-B555-0DF19119324D}.Debug|Any CPU.ActiveCfg = Debug|Any CPU
		{241F7739-B779-43EC-B555-0DF19119324D}.Debug|Any CPU.Build.0 = Debug|Any CPU
		{241F7739-B779-43EC-B555-0DF19119324D}.Release|Any CPU.ActiveCfg = Release|Any CPU
		{241F7739-B779-43EC-B555-0DF19119324D}.Release|Any CPU.Build.0 = Release|Any CPU
		{7832CFA7-8E33-478D-8DAD-A0604C5BA7E6}.Debug|Any CPU.ActiveCfg = Debug|Any CPU
		{7832CFA7-8E33-478D-8DAD-A0604C5BA7E6}.Debug|Any CPU.Build.0 = Debug|Any CPU
		{7832CFA7-8E33-478D-8DAD-A0604C5BA7E6}.Release|Any CPU.ActiveCfg = Release|Any CPU
		{7832CFA7-8E33-478D-8DAD-A0604C5BA7E6}.Release|Any CPU.Build.0 = Release|Any CPU
		{F0B90771-FE8C-4944-80B7-ABE53C15EDB7}.Debug|Any CPU.ActiveCfg = Debug|Any CPU
		{F0B90771-FE8C-4944-80B7-ABE53C15EDB7}.Debug|Any CPU.Build.0 = Debug|Any CPU
		{F0B90771-FE8C-4944-80B7-ABE53C15EDB7}.Release|Any CPU.ActiveCfg = Release|Any CPU
		{F0B90771-FE8C-4944-80B7-ABE53C15EDB7}.Release|Any CPU.Build.0 = Release|Any CPU
		{11787269-07E7-4127-A786-3F439BE27EC2}.Debug|Any CPU.ActiveCfg = Debug|Any CPU
		{11787269-07E7-4127-A786-3F439BE27EC2}.Debug|Any CPU.Build.0 = Debug|Any CPU
		{11787269-07E7-4127-A786-3F439BE27EC2}.Release|Any CPU.ActiveCfg = Release|Any CPU
		{11787269-07E7-4127-A786-3F439BE27EC2}.Release|Any CPU.Build.0 = Release|Any CPU
		{EE148BD5-0AC8-4A73-9346-4FD59023E638}.Debug|Any CPU.ActiveCfg = Debug|Any CPU
		{EE148BD5-0AC8-4A73-9346-4FD59023E638}.Debug|Any CPU.Build.0 = Debug|Any CPU
		{EE148BD5-0AC8-4A73-9346-4FD59023E638}.Release|Any CPU.ActiveCfg = Release|Any CPU
		{EE148BD5-0AC8-4A73-9346-4FD59023E638}.Release|Any CPU.Build.0 = Release|Any CPU
		{8B73C91D-2F2D-4B6C-8FDF-652AAD340651}.Debug|Any CPU.ActiveCfg = Debug|Any CPU
		{8B73C91D-2F2D-4B6C-8FDF-652AAD340651}.Debug|Any CPU.Build.0 = Debug|Any CPU
		{8B73C91D-2F2D-4B6C-8FDF-652AAD340651}.Release|Any CPU.ActiveCfg = Release|Any CPU
		{8B73C91D-2F2D-4B6C-8FDF-652AAD340651}.Release|Any CPU.Build.0 = Release|Any CPU
		{2AFA3E7F-1A0E-49D5-BACF-95F0E37EF222}.Debug|Any CPU.ActiveCfg = Debug|Any CPU
		{2AFA3E7F-1A0E-49D5-BACF-95F0E37EF222}.Debug|Any CPU.Build.0 = Debug|Any CPU
		{2AFA3E7F-1A0E-49D5-BACF-95F0E37EF222}.Release|Any CPU.ActiveCfg = Release|Any CPU
		{2AFA3E7F-1A0E-49D5-BACF-95F0E37EF222}.Release|Any CPU.Build.0 = Release|Any CPU
	EndGlobalSection
	GlobalSection(SolutionProperties) = preSolution
		HideSolutionNode = FALSE
	EndGlobalSection
	GlobalSection(NestedProjects) = preSolution
		{8B73C91D-2F2D-4B6C-8FDF-652AAD340651} = {948D0201-CB20-43E9-92BA-D2D2B1A5D533}
		{FE1909E4-A1EA-47CB-B4F1-A7449AF028F5} = {D9A3BC62-268F-46B4-99C7-4827DB578F2D}
		{241F7739-B779-43EC-B555-0DF19119324D} = {D9A3BC62-268F-46B4-99C7-4827DB578F2D}
		{7832CFA7-8E33-478D-8DAD-A0604C5BA7E6} = {D9A3BC62-268F-46B4-99C7-4827DB578F2D}
		{3B7A3787-3899-456A-8728-D53A70EDDDE4} = {0F2A06B1-DBC4-4173-A76E-16A34CBC5DDA}
		{702BB5A0-DB5E-4E07-B828-875F8139424B} = {0F2A06B1-DBC4-4173-A76E-16A34CBC5DDA}
		{F0B90771-FE8C-4944-80B7-ABE53C15EDB7} = {0F2A06B1-DBC4-4173-A76E-16A34CBC5DDA}
		{9E018A22-4CF1-45BA-8AF4-6D5B97927BCB} = {C184153B-0BA5-4C9F-AC5D-2C4688E8DAE0}
		{12EE0784-0056-4E4F-89FB-FDD75A9BB5A7} = {C184153B-0BA5-4C9F-AC5D-2C4688E8DAE0}
		{11787269-07E7-4127-A786-3F439BE27EC2} = {9EFDC20D-A51C-4142-80F5-631027E7DAE0}
		{EE148BD5-0AC8-4A73-9346-4FD59023E638} = {365D08F5-E550-44E1-9AE1-119196F97B5F}
		{2AFA3E7F-1A0E-49D5-BACF-95F0E37EF222} = {DB075941-6CE5-49FA-AE32-98F0051E4D42}
	EndGlobalSection
EndGlobal
