
Microsoft Visual Studio Solution File, Format Version 12.00
# Visual Studio 2012
Project("{2150E333-8FDC-42A3-9474-1A3956D46DE8}") = "Tests", "Tests", "{948D0201-CB20-43E9-92BA-D2D2B1A5D533}"
EndProject
Project("{2150E333-8FDC-42A3-9474-1A3956D46DE8}") = "Data", "Data", "{D9A3BC62-268F-46B4-99C7-4827DB578F2D}"
EndProject
Project("{2150E333-8FDC-42A3-9474-1A3956D46DE8}") = "Common", "Common", "{0F2A06B1-DBC4-4173-A76E-16A34CBC5DDA}"
EndProject
Project("{2150E333-8FDC-42A3-9474-1A3956D46DE8}") = "UI", "UI", "{0F40CCBF-290A-4E50-B8B7-049DCF1F2CD2}"
EndProject
Project("{2150E333-8FDC-42A3-9474-1A3956D46DE8}") = "Application", "Application", "{C184153B-0BA5-4C9F-AC5D-2C4688E8DAE0}"
EndProject
Project("{FAE04EC0-301F-11D3-BF4B-00C04F79EFBC}") = "KaJo.WebAPI.Data.SqlServer", "KaJo.WebAPI.Data.SqlServer\KaJo.WebAPI.Data.SqlServer.csproj", "{FE1909E4-A1EA-47CB-B4F1-A7449AF028F5}"
EndProject
Global
	GlobalSection(SolutionConfigurationPlatforms) = preSolution
		Debug|Any CPU = Debug|Any CPU
		Release|Any CPU = Release|Any CPU
	EndGlobalSection
	GlobalSection(ProjectConfigurationPlatforms) = postSolution
		{FE1909E4-A1EA-47CB-B4F1-A7449AF028F5}.Debug|Any CPU.ActiveCfg = Debug|Any CPU
		{FE1909E4-A1EA-47CB-B4F1-A7449AF028F5}.Debug|Any CPU.Build.0 = Debug|Any CPU
		{FE1909E4-A1EA-47CB-B4F1-A7449AF028F5}.Release|Any CPU.ActiveCfg = Release|Any CPU
		{FE1909E4-A1EA-47CB-B4F1-A7449AF028F5}.Release|Any CPU.Build.0 = Release|Any CPU
	EndGlobalSection
	GlobalSection(SolutionProperties) = preSolution
		HideSolutionNode = FALSE
	EndGlobalSection
	GlobalSection(NestedProjects) = preSolution
		{FE1909E4-A1EA-47CB-B4F1-A7449AF028F5} = {D9A3BC62-268F-46B4-99C7-4827DB578F2D}
	EndGlobalSection
EndGlobal
